
Microsoft Visual Studio Solution File, Format Version 12.00
# Visual Studio Version 17
VisualStudioVersion = 17.3.32819.101
MinimumVisualStudioVersion = 10.0.40219.1
Project("{8BC9CEB8-8B4A-11D0-8D11-00A0C91BC942}") = "Code_Team1", "Code_Team1\Code_Team1.vcxproj", "{311DCAE8-DF00-4E0B-8655-D4541EC34FFC}"
EndProject
Global
	GlobalSection(SolutionConfigurationPlatforms) = preSolution
		Debug|x64 = Debug|x64
		Debug|x86 = Debug|x86
		Release|x64 = Release|x64
		Release|x86 = Release|x86
	EndGlobalSection
	GlobalSection(ProjectConfigurationPlatforms) = postSolution
		{311DCAE8-DF00-4E0B-8655-D4541EC34FFC}.Debug|x64.ActiveCfg = Debug|x64
		{311DCAE8-DF00-4E0B-8655-D4541EC34FFC}.Debug|x64.Build.0 = Debug|x64
		{311DCAE8-DF00-4E0B-8655-D4541EC34FFC}.Debug|x86.ActiveCfg = Debug|Win32
		{311DCAE8-DF00-4E0B-8655-D4541EC34FFC}.Debug|x86.Build.0 = Debug|Win32
		{311DCAE8-DF00-4E0B-8655-D4541EC34FFC}.Release|x64.ActiveCfg = Release|x64
		{311DCAE8-DF00-4E0B-8655-D4541EC34FFC}.Release|x64.Build.0 = Release|x64
		{311DCAE8-DF00-4E0B-8655-D4541EC34FFC}.Release|x86.ActiveCfg = Release|Win32
		{311DCAE8-DF00-4E0B-8655-D4541EC34FFC}.Release|x86.Build.0 = Release|Win32
	EndGlobalSection
	GlobalSection(SolutionProperties) = preSolution
		HideSolutionNode = FALSE
	EndGlobalSection
	GlobalSection(ExtensibilityGlobals) = postSolution
		SolutionGuid = {1BDEF5C1-D350-425E-B7C7-D3D4C5C1B1BC}
	EndGlobalSection
EndGlobal
